// !$*UTF8*$!
{
	archiveVersion = 1;
	classes = {
	};
	objectVersion = 50;
	objects = {

/* Begin PBXBuildFile section */
		115E0D6C2088BEA80028A037 /* Activity.swift in Sources */ = {isa = PBXBuildFile; fileRef = 115E0D6B2088BEA80028A037 /* Activity.swift */; };
		115E0D6E2088E6550028A037 /* DrawnPlayerView.xib in Resources */ = {isa = PBXBuildFile; fileRef = 115E0D6D2088E6550028A037 /* DrawnPlayerView.xib */; };
		115E0D742088EF4D0028A037 /* DrawnPlayerView.swift in Sources */ = {isa = PBXBuildFile; fileRef = 115E0D732088EF4D0028A037 /* DrawnPlayerView.swift */; };
		118D679D2084F98F00D74E7F /* AppDelegate.swift in Sources */ = {isa = PBXBuildFile; fileRef = 118D679C2084F98F00D74E7F /* AppDelegate.swift */; };
		118D679F2084F98F00D74E7F /* ViewController.swift in Sources */ = {isa = PBXBuildFile; fileRef = 118D679E2084F98F00D74E7F /* ViewController.swift */; };
		118D67A22084F98F00D74E7F /* Main.storyboard in Resources */ = {isa = PBXBuildFile; fileRef = 118D67A02084F98F00D74E7F /* Main.storyboard */; };
		118D67A52084F98F00D74E7F /* Draw.xcdatamodeld in Sources */ = {isa = PBXBuildFile; fileRef = 118D67A32084F98F00D74E7F /* Draw.xcdatamodeld */; };
		118D67A72084F99100D74E7F /* Assets.xcassets in Resources */ = {isa = PBXBuildFile; fileRef = 118D67A62084F99100D74E7F /* Assets.xcassets */; };
		118D67AA2084F99100D74E7F /* LaunchScreen.storyboard in Resources */ = {isa = PBXBuildFile; fileRef = 118D67A82084F99100D74E7F /* LaunchScreen.storyboard */; };
		118D67B22084F9CC00D74E7F /* Player.swift in Sources */ = {isa = PBXBuildFile; fileRef = 118D67B12084F9CC00D74E7F /* Player.swift */; };
		118D67B42084FAF500D74E7F /* JSONManager.swift in Sources */ = {isa = PBXBuildFile; fileRef = 118D67B32084FAF500D74E7F /* JSONManager.swift */; };
		118D67B8208516A600D74E7F /* PlayerCell.swift in Sources */ = {isa = PBXBuildFile; fileRef = 118D67B7208516A600D74E7F /* PlayerCell.swift */; };
		118D67BA20851AE600D74E7F /* DetailViewController.swift in Sources */ = {isa = PBXBuildFile; fileRef = 118D67B920851AE600D74E7F /* DetailViewController.swift */; };
		118D67BC2085348E00D74E7F /* Trainer.swift in Sources */ = {isa = PBXBuildFile; fileRef = 118D67BB2085348E00D74E7F /* Trainer.swift */; };
		118D67BE2086C75200D74E7F /* DrawViewController.swift in Sources */ = {isa = PBXBuildFile; fileRef = 118D67BD2086C75200D74E7F /* DrawViewController.swift */; };
/* End PBXBuildFile section */

/* Begin PBXFileReference section */
		115E0D6B2088BEA80028A037 /* Activity.swift */ = {isa = PBXFileReference; lastKnownFileType = sourcecode.swift; path = Activity.swift; sourceTree = "<group>"; };
		115E0D6D2088E6550028A037 /* DrawnPlayerView.xib */ = {isa = PBXFileReference; lastKnownFileType = file.xib; path = DrawnPlayerView.xib; sourceTree = "<group>"; };
		115E0D732088EF4D0028A037 /* DrawnPlayerView.swift */ = {isa = PBXFileReference; lastKnownFileType = sourcecode.swift; path = DrawnPlayerView.swift; sourceTree = "<group>"; };
		118D67992084F98F00D74E7F /* Draw.app */ = {isa = PBXFileReference; explicitFileType = wrapper.application; includeInIndex = 0; path = Draw.app; sourceTree = BUILT_PRODUCTS_DIR; };
		118D679C2084F98F00D74E7F /* AppDelegate.swift */ = {isa = PBXFileReference; lastKnownFileType = sourcecode.swift; path = AppDelegate.swift; sourceTree = "<group>"; };
		118D679E2084F98F00D74E7F /* ViewController.swift */ = {isa = PBXFileReference; lastKnownFileType = sourcecode.swift; path = ViewController.swift; sourceTree = "<group>"; };
		118D67A12084F98F00D74E7F /* Base */ = {isa = PBXFileReference; lastKnownFileType = file.storyboard; name = Base; path = Base.lproj/Main.storyboard; sourceTree = "<group>"; };
		118D67A42084F98F00D74E7F /* Draw.xcdatamodel */ = {isa = PBXFileReference; lastKnownFileType = wrapper.xcdatamodel; path = Draw.xcdatamodel; sourceTree = "<group>"; };
		118D67A62084F99100D74E7F /* Assets.xcassets */ = {isa = PBXFileReference; lastKnownFileType = folder.assetcatalog; path = Assets.xcassets; sourceTree = "<group>"; };
		118D67A92084F99100D74E7F /* Base */ = {isa = PBXFileReference; lastKnownFileType = file.storyboard; name = Base; path = Base.lproj/LaunchScreen.storyboard; sourceTree = "<group>"; };
		118D67AB2084F99100D74E7F /* Info.plist */ = {isa = PBXFileReference; lastKnownFileType = text.plist.xml; path = Info.plist; sourceTree = "<group>"; };
		118D67B12084F9CC00D74E7F /* Player.swift */ = {isa = PBXFileReference; lastKnownFileType = sourcecode.swift; path = Player.swift; sourceTree = "<group>"; };
		118D67B32084FAF500D74E7F /* JSONManager.swift */ = {isa = PBXFileReference; lastKnownFileType = sourcecode.swift; path = JSONManager.swift; sourceTree = "<group>"; };
		118D67B7208516A600D74E7F /* PlayerCell.swift */ = {isa = PBXFileReference; lastKnownFileType = sourcecode.swift; path = PlayerCell.swift; sourceTree = "<group>"; };
		118D67B920851AE600D74E7F /* DetailViewController.swift */ = {isa = PBXFileReference; lastKnownFileType = sourcecode.swift; path = DetailViewController.swift; sourceTree = "<group>"; };
		118D67BB2085348E00D74E7F /* Trainer.swift */ = {isa = PBXFileReference; lastKnownFileType = sourcecode.swift; path = Trainer.swift; sourceTree = "<group>"; };
		118D67BD2086C75200D74E7F /* DrawViewController.swift */ = {isa = PBXFileReference; lastKnownFileType = sourcecode.swift; path = DrawViewController.swift; sourceTree = "<group>"; };
/* End PBXFileReference section */

/* Begin PBXFrameworksBuildPhase section */
		118D67962084F98F00D74E7F /* Frameworks */ = {
			isa = PBXFrameworksBuildPhase;
			buildActionMask = 2147483647;
			files = (
			);
			runOnlyForDeploymentPostprocessing = 0;
		};
/* End PBXFrameworksBuildPhase section */

/* Begin PBXGroup section */
		118D67902084F98F00D74E7F = {
			isa = PBXGroup;
			children = (
				118D679B2084F98F00D74E7F /* Draw */,
				118D679A2084F98F00D74E7F /* Products */,
			);
			sourceTree = "<group>";
		};
		118D679A2084F98F00D74E7F /* Products */ = {
			isa = PBXGroup;
			children = (
				118D67992084F98F00D74E7F /* Draw.app */,
			);
			name = Products;
			sourceTree = "<group>";
		};
		118D679B2084F98F00D74E7F /* Draw */ = {
			isa = PBXGroup;
			children = (
				118D679C2084F98F00D74E7F /* AppDelegate.swift */,
				118D679E2084F98F00D74E7F /* ViewController.swift */,
				118D67A02084F98F00D74E7F /* Main.storyboard */,
				115E0D6D2088E6550028A037 /* DrawnPlayerView.xib */,
				115E0D732088EF4D0028A037 /* DrawnPlayerView.swift */,
				118D67BD2086C75200D74E7F /* DrawViewController.swift */,
				118D67B920851AE600D74E7F /* DetailViewController.swift */,
				118D67B7208516A600D74E7F /* PlayerCell.swift */,
				118D67B12084F9CC00D74E7F /* Player.swift */,
				115E0D6B2088BEA80028A037 /* Activity.swift */,
				118D67BB2085348E00D74E7F /* Trainer.swift */,
				118D67B32084FAF500D74E7F /* JSONManager.swift */,
				118D67A62084F99100D74E7F /* Assets.xcassets */,
				118D67A82084F99100D74E7F /* LaunchScreen.storyboard */,
				118D67AB2084F99100D74E7F /* Info.plist */,
				118D67A32084F98F00D74E7F /* Draw.xcdatamodeld */,
			);
			path = Draw;
			sourceTree = "<group>";
		};
/* End PBXGroup section */

/* Begin PBXNativeTarget section */
		118D67982084F98F00D74E7F /* Draw */ = {
			isa = PBXNativeTarget;
			buildConfigurationList = 118D67AE2084F99100D74E7F /* Build configuration list for PBXNativeTarget "Draw" */;
			buildPhases = (
				118D67952084F98F00D74E7F /* Sources */,
				118D67962084F98F00D74E7F /* Frameworks */,
				118D67972084F98F00D74E7F /* Resources */,
			);
			buildRules = (
			);
			dependencies = (
			);
			name = Draw;
			productName = Draw;
			productReference = 118D67992084F98F00D74E7F /* Draw.app */;
			productType = "com.apple.product-type.application";
		};
/* End PBXNativeTarget section */

/* Begin PBXProject section */
		118D67912084F98F00D74E7F /* Project object */ = {
			isa = PBXProject;
			attributes = {
				LastSwiftUpdateCheck = 0930;
				LastUpgradeCheck = 0930;
				ORGANIZATIONNAME = "Dusan Juranovic";
				TargetAttributes = {
					118D67982084F98F00D74E7F = {
						CreatedOnToolsVersion = 9.3;
					};
				};
			};
			buildConfigurationList = 118D67942084F98F00D74E7F /* Build configuration list for PBXProject "Draw" */;
			compatibilityVersion = "Xcode 9.3";
			developmentRegion = en;
			hasScannedForEncodings = 0;
			knownRegions = (
				en,
				Base,
			);
			mainGroup = 118D67902084F98F00D74E7F;
			productRefGroup = 118D679A2084F98F00D74E7F /* Products */;
			projectDirPath = "";
			projectRoot = "";
			targets = (
				118D67982084F98F00D74E7F /* Draw */,
			);
		};
/* End PBXProject section */

/* Begin PBXResourcesBuildPhase section */
		118D67972084F98F00D74E7F /* Resources */ = {
			isa = PBXResourcesBuildPhase;
			buildActionMask = 2147483647;
			files = (
				115E0D6E2088E6550028A037 /* DrawnPlayerView.xib in Resources */,
				118D67AA2084F99100D74E7F /* LaunchScreen.storyboard in Resources */,
				118D67A72084F99100D74E7F /* Assets.xcassets in Resources */,
				118D67A22084F98F00D74E7F /* Main.storyboard in Resources */,
			);
			runOnlyForDeploymentPostprocessing = 0;
		};
/* End PBXResourcesBuildPhase section */

/* Begin PBXSourcesBuildPhase section */
		118D67952084F98F00D74E7F /* Sources */ = {
			isa = PBXSourcesBuildPhase;
			buildActionMask = 2147483647;
			files = (
				115E0D6C2088BEA80028A037 /* Activity.swift in Sources */,
				118D67B8208516A600D74E7F /* PlayerCell.swift in Sources */,
				115E0D742088EF4D0028A037 /* DrawnPlayerView.swift in Sources */,
				118D67B22084F9CC00D74E7F /* Player.swift in Sources */,
				118D67A52084F98F00D74E7F /* Draw.xcdatamodeld in Sources */,
				118D67BE2086C75200D74E7F /* DrawViewController.swift in Sources */,
				118D679F2084F98F00D74E7F /* ViewController.swift in Sources */,
				118D67B42084FAF500D74E7F /* JSONManager.swift in Sources */,
				118D67BC2085348E00D74E7F /* Trainer.swift in Sources */,
				118D679D2084F98F00D74E7F /* AppDelegate.swift in Sources */,
				118D67BA20851AE600D74E7F /* DetailViewController.swift in Sources */,
			);
			runOnlyForDeploymentPostprocessing = 0;
		};
/* End PBXSourcesBuildPhase section */

/* Begin PBXVariantGroup section */
		118D67A02084F98F00D74E7F /* Main.storyboard */ = {
			isa = PBXVariantGroup;
			children = (
				118D67A12084F98F00D74E7F /* Base */,
			);
			name = Main.storyboard;
			sourceTree = "<group>";
		};
		118D67A82084F99100D74E7F /* LaunchScreen.storyboard */ = {
			isa = PBXVariantGroup;
			children = (
				118D67A92084F99100D74E7F /* Base */,
			);
			name = LaunchScreen.storyboard;
			sourceTree = "<group>";
		};
/* End PBXVariantGroup section */

/* Begin XCBuildConfiguration section */
		118D67AC2084F99100D74E7F /* Debug */ = {
			isa = XCBuildConfiguration;
			buildSettings = {
				ALWAYS_SEARCH_USER_PATHS = NO;
				CLANG_ANALYZER_NONNULL = YES;
				CLANG_ANALYZER_NUMBER_OBJECT_CONVERSION = YES_AGGRESSIVE;
				CLANG_CXX_LANGUAGE_STANDARD = "gnu++14";
				CLANG_CXX_LIBRARY = "libc++";
				CLANG_ENABLE_MODULES = YES;
				CLANG_ENABLE_OBJC_ARC = YES;
				CLANG_ENABLE_OBJC_WEAK = YES;
				CLANG_WARN_BLOCK_CAPTURE_AUTORELEASING = YES;
				CLANG_WARN_BOOL_CONVERSION = YES;
				CLANG_WARN_COMMA = YES;
				CLANG_WARN_CONSTANT_CONVERSION = YES;
				CLANG_WARN_DEPRECATED_OBJC_IMPLEMENTATIONS = YES;
				CLANG_WARN_DIRECT_OBJC_ISA_USAGE = YES_ERROR;
				CLANG_WARN_DOCUMENTATION_COMMENTS = YES;
				CLANG_WARN_EMPTY_BODY = YES;
				CLANG_WARN_ENUM_CONVERSION = YES;
				CLANG_WARN_INFINITE_RECURSION = YES;
				CLANG_WARN_INT_CONVERSION = YES;
				CLANG_WARN_NON_LITERAL_NULL_CONVERSION = YES;
				CLANG_WARN_OBJC_IMPLICIT_RETAIN_SELF = YES;
				CLANG_WARN_OBJC_LITERAL_CONVERSION = YES;
				CLANG_WARN_OBJC_ROOT_CLASS = YES_ERROR;
				CLANG_WARN_RANGE_LOOP_ANALYSIS = YES;
				CLANG_WARN_STRICT_PROTOTYPES = YES;
				CLANG_WARN_SUSPICIOUS_MOVE = YES;
				CLANG_WARN_UNGUARDED_AVAILABILITY = YES_AGGRESSIVE;
				CLANG_WARN_UNREACHABLE_CODE = YES;
				CLANG_WARN__DUPLICATE_METHOD_MATCH = YES;
				CODE_SIGN_IDENTITY = "iPhone Developer";
				COPY_PHASE_STRIP = NO;
				DEBUG_INFORMATION_FORMAT = dwarf;
				ENABLE_STRICT_OBJC_MSGSEND = YES;
				ENABLE_TESTABILITY = YES;
				GCC_C_LANGUAGE_STANDARD = gnu11;
				GCC_DYNAMIC_NO_PIC = NO;
				GCC_NO_COMMON_BLOCKS = YES;
				GCC_OPTIMIZATION_LEVEL = 0;
				GCC_PREPROCESSOR_DEFINITIONS = (
					"DEBUG=1",
					"$(inherited)",
				);
				GCC_WARN_64_TO_32_BIT_CONVERSION = YES;
				GCC_WARN_ABOUT_RETURN_TYPE = YES_ERROR;
				GCC_WARN_UNDECLARED_SELECTOR = YES;
				GCC_WARN_UNINITIALIZED_AUTOS = YES_AGGRESSIVE;
				GCC_WARN_UNUSED_FUNCTION = YES;
				GCC_WARN_UNUSED_VARIABLE = YES;
				IPHONEOS_DEPLOYMENT_TARGET = 11.3;
				MTL_ENABLE_DEBUG_INFO = YES;
				ONLY_ACTIVE_ARCH = YES;
				SDKROOT = iphoneos;
				SWIFT_ACTIVE_COMPILATION_CONDITIONS = DEBUG;
				SWIFT_OPTIMIZATION_LEVEL = "-Onone";
			};
			name = Debug;
		};
		118D67AD2084F99100D74E7F /* Release */ = {
			isa = XCBuildConfiguration;
			buildSettings = {
				ALWAYS_SEARCH_USER_PATHS = NO;
				CLANG_ANALYZER_NONNULL = YES;
				CLANG_ANALYZER_NUMBER_OBJECT_CONVERSION = YES_AGGRESSIVE;
				CLANG_CXX_LANGUAGE_STANDARD = "gnu++14";
				CLANG_CXX_LIBRARY = "libc++";
				CLANG_ENABLE_MODULES = YES;
				CLANG_ENABLE_OBJC_ARC = YES;
				CLANG_ENABLE_OBJC_WEAK = YES;
				CLANG_WARN_BLOCK_CAPTURE_AUTORELEASING = YES;
				CLANG_WARN_BOOL_CONVERSION = YES;
				CLANG_WARN_COMMA = YES;
				CLANG_WARN_CONSTANT_CONVERSION = YES;
				CLANG_WARN_DEPRECATED_OBJC_IMPLEMENTATIONS = YES;
				CLANG_WARN_DIRECT_OBJC_ISA_USAGE = YES_ERROR;
				CLANG_WARN_DOCUMENTATION_COMMENTS = YES;
				CLANG_WARN_EMPTY_BODY = YES;
				CLANG_WARN_ENUM_CONVERSION = YES;
				CLANG_WARN_INFINITE_RECURSION = YES;
				CLANG_WARN_INT_CONVERSION = YES;
				CLANG_WARN_NON_LITERAL_NULL_CONVERSION = YES;
				CLANG_WARN_OBJC_IMPLICIT_RETAIN_SELF = YES;
				CLANG_WARN_OBJC_LITERAL_CONVERSION = YES;
				CLANG_WARN_OBJC_ROOT_CLASS = YES_ERROR;
				CLANG_WARN_RANGE_LOOP_ANALYSIS = YES;
				CLANG_WARN_STRICT_PROTOTYPES = YES;
				CLANG_WARN_SUSPICIOUS_MOVE = YES;
				CLANG_WARN_UNGUARDED_AVAILABILITY = YES_AGGRESSIVE;
				CLANG_WARN_UNREACHABLE_CODE = YES;
				CLANG_WARN__DUPLICATE_METHOD_MATCH = YES;
				CODE_SIGN_IDENTITY = "iPhone Developer";
				COPY_PHASE_STRIP = NO;
				DEBUG_INFORMATION_FORMAT = "dwarf-with-dsym";
				ENABLE_NS_ASSERTIONS = NO;
				ENABLE_STRICT_OBJC_MSGSEND = YES;
				GCC_C_LANGUAGE_STANDARD = gnu11;
				GCC_NO_COMMON_BLOCKS = YES;
				GCC_WARN_64_TO_32_BIT_CONVERSION = YES;
				GCC_WARN_ABOUT_RETURN_TYPE = YES_ERROR;
				GCC_WARN_UNDECLARED_SELECTOR = YES;
				GCC_WARN_UNINITIALIZED_AUTOS = YES_AGGRESSIVE;
				GCC_WARN_UNUSED_FUNCTION = YES;
				GCC_WARN_UNUSED_VARIABLE = YES;
				IPHONEOS_DEPLOYMENT_TARGET = 11.3;
				MTL_ENABLE_DEBUG_INFO = NO;
				SDKROOT = iphoneos;
				SWIFT_COMPILATION_MODE = wholemodule;
				SWIFT_OPTIMIZATION_LEVEL = "-O";
				VALIDATE_PRODUCT = YES;
			};
			name = Release;
		};
		118D67AF2084F99100D74E7F /* Debug */ = {
			isa = XCBuildConfiguration;
			buildSettings = {
				ASSETCATALOG_COMPILER_APPICON_NAME = AppIcon;
				CODE_SIGN_STYLE = Automatic;
				DEVELOPMENT_TEAM = UKQDW363ZZ;
				INFOPLIST_FILE = Draw/Info.plist;
				LD_RUNPATH_SEARCH_PATHS = (
					"$(inherited)",
					"@executable_path/Frameworks",
				);
				PRODUCT_BUNDLE_IDENTIFIER = com.dusanjuranovic.Draw;
				PRODUCT_NAME = "$(TARGET_NAME)";
				SWIFT_VERSION = 4.0;
				TARGETED_DEVICE_FAMILY = "1,2";
			};
			name = Debug;
		};
		118D67B02084F99100D74E7F /* Release */ = {
			isa = XCBuildConfiguration;
			buildSettings = {
				ASSETCATALOG_COMPILER_APPICON_NAME = AppIcon;
				CODE_SIGN_STYLE = Automatic;
				DEVELOPMENT_TEAM = UKQDW363ZZ;
				INFOPLIST_FILE = Draw/Info.plist;
				LD_RUNPATH_SEARCH_PATHS = (
					"$(inherited)",
					"@executable_path/Frameworks",
				);
				PRODUCT_BUNDLE_IDENTIFIER = com.dusanjuranovic.Draw;
				PRODUCT_NAME = "$(TARGET_NAME)";
				SWIFT_VERSION = 4.0;
				TARGETED_DEVICE_FAMILY = "1,2";
			};
			name = Release;
		};
/* End XCBuildConfiguration section */

/* Begin XCConfigurationList section */
		118D67942084F98F00D74E7F /* Build configuration list for PBXProject "Draw" */ = {
			isa = XCConfigurationList;
			buildConfigurations = (
				118D67AC2084F99100D74E7F /* Debug */,
				118D67AD2084F99100D74E7F /* Release */,
			);
			defaultConfigurationIsVisible = 0;
			defaultConfigurationName = Release;
		};
		118D67AE2084F99100D74E7F /* Build configuration list for PBXNativeTarget "Draw" */ = {
			isa = XCConfigurationList;
			buildConfigurations = (
				118D67AF2084F99100D74E7F /* Debug */,
				118D67B02084F99100D74E7F /* Release */,
			);
			defaultConfigurationIsVisible = 0;
			defaultConfigurationName = Release;
		};
/* End XCConfigurationList section */

/* Begin XCVersionGroup section */
		118D67A32084F98F00D74E7F /* Draw.xcdatamodeld */ = {
			isa = XCVersionGroup;
			children = (
				118D67A42084F98F00D74E7F /* Draw.xcdatamodel */,
			);
			currentVersion = 118D67A42084F98F00D74E7F /* Draw.xcdatamodel */;
			path = Draw.xcdatamodeld;
			sourceTree = "<group>";
			versionGroupType = wrapper.xcdatamodel;
		};
/* End XCVersionGroup section */
	};
	rootObject = 118D67912084F98F00D74E7F /* Project object */;
}
